// !$*UTF8*$!
{
	archiveVersion = 1;
	classes = {
	};
	objectVersion = 56;
	objects = {

/* Begin PBXBuildFile section */
		6412BCEF2BEBC76C006CA3AA /* ButtonView.swift in Sources */ = {isa = PBXBuildFile; fileRef = 6412BCEE2BEBC76C006CA3AA /* ButtonView.swift */; };
		64A02F4F2BEA975E0087E53D /* DayAndNightApp.swift in Sources */ = {isa = PBXBuildFile; fileRef = 64A02F4E2BEA975E0087E53D /* DayAndNightApp.swift */; };
		64A02F512BEA975E0087E53D /* ContentView.swift in Sources */ = {isa = PBXBuildFile; fileRef = 64A02F502BEA975E0087E53D /* ContentView.swift */; };
		64A02F532BEA975F0087E53D /* Assets.xcassets in Resources */ = {isa = PBXBuildFile; fileRef = 64A02F522BEA975F0087E53D /* Assets.xcassets */; };
		64A02F562BEA975F0087E53D /* Preview Assets.xcassets in Resources */ = {isa = PBXBuildFile; fileRef = 64A02F552BEA975F0087E53D /* Preview Assets.xcassets */; };
		64A02F5D2BEA98410087E53D /* Mountains.swift in Sources */ = {isa = PBXBuildFile; fileRef = 64A02F5C2BEA98410087E53D /* Mountains.swift */; };
		64A02F5F2BEAB25D0087E53D /* Lake.swift in Sources */ = {isa = PBXBuildFile; fileRef = 64A02F5E2BEAB25D0087E53D /* Lake.swift */; };
		64A02F612BEAC3B70087E53D /* Moon.swift in Sources */ = {isa = PBXBuildFile; fileRef = 64A02F602BEAC3B70087E53D /* Moon.swift */; };
		64A02F632BEAEC5F0087E53D /* Sun.swift in Sources */ = {isa = PBXBuildFile; fileRef = 64A02F622BEAEC5F0087E53D /* Sun.swift */; };
		64A02F652BEAF5360087E53D /* Star.swift in Sources */ = {isa = PBXBuildFile; fileRef = 64A02F642BEAF5360087E53D /* Star.swift */; };
		64A02F672BEAFDD80087E53D /* StarsView.swift in Sources */ = {isa = PBXBuildFile; fileRef = 64A02F662BEAFDD80087E53D /* StarsView.swift */; };
		64B6E0F32BEB062600D7239B /* TimeOfDay.swift in Sources */ = {isa = PBXBuildFile; fileRef = 64B6E0F22BEB062600D7239B /* TimeOfDay.swift */; };
		64B6E0F62BEB086700D7239B /* DataStore.swift in Sources */ = {isa = PBXBuildFile; fileRef = 64B6E0F52BEB086700D7239B /* DataStore.swift */; };
		64B6E0F82BEB5EF100D7239B /* Cloud.swift in Sources */ = {isa = PBXBuildFile; fileRef = 64B6E0F72BEB5EF100D7239B /* Cloud.swift */; };
/* End PBXBuildFile section */

/* Begin PBXFileReference section */
		6412BCEE2BEBC76C006CA3AA /* ButtonView.swift */ = {isa = PBXFileReference; lastKnownFileType = sourcecode.swift; path = ButtonView.swift; sourceTree = "<group>"; };
		64A02F4B2BEA975E0087E53D /* DayAndNight.app */ = {isa = PBXFileReference; explicitFileType = wrapper.application; includeInIndex = 0; path = DayAndNight.app; sourceTree = BUILT_PRODUCTS_DIR; };
		64A02F4E2BEA975E0087E53D /* DayAndNightApp.swift */ = {isa = PBXFileReference; lastKnownFileType = sourcecode.swift; path = DayAndNightApp.swift; sourceTree = "<group>"; };
		64A02F502BEA975E0087E53D /* ContentView.swift */ = {isa = PBXFileReference; lastKnownFileType = sourcecode.swift; path = ContentView.swift; sourceTree = "<group>"; };
		64A02F522BEA975F0087E53D /* Assets.xcassets */ = {isa = PBXFileReference; lastKnownFileType = folder.assetcatalog; path = Assets.xcassets; sourceTree = "<group>"; };
		64A02F552BEA975F0087E53D /* Preview Assets.xcassets */ = {isa = PBXFileReference; lastKnownFileType = folder.assetcatalog; path = "Preview Assets.xcassets"; sourceTree = "<group>"; };
		64A02F5C2BEA98410087E53D /* Mountains.swift */ = {isa = PBXFileReference; lastKnownFileType = sourcecode.swift; path = Mountains.swift; sourceTree = "<group>"; };
		64A02F5E2BEAB25D0087E53D /* Lake.swift */ = {isa = PBXFileReference; lastKnownFileType = sourcecode.swift; path = Lake.swift; sourceTree = "<group>"; };
		64A02F602BEAC3B70087E53D /* Moon.swift */ = {isa = PBXFileReference; lastKnownFileType = sourcecode.swift; path = Moon.swift; sourceTree = "<group>"; };
		64A02F622BEAEC5F0087E53D /* Sun.swift */ = {isa = PBXFileReference; lastKnownFileType = sourcecode.swift; path = Sun.swift; sourceTree = "<group>"; };
		64A02F642BEAF5360087E53D /* Star.swift */ = {isa = PBXFileReference; lastKnownFileType = sourcecode.swift; path = Star.swift; sourceTree = "<group>"; };
		64A02F662BEAFDD80087E53D /* StarsView.swift */ = {isa = PBXFileReference; lastKnownFileType = sourcecode.swift; path = StarsView.swift; sourceTree = "<group>"; };
		64B6E0F22BEB062600D7239B /* TimeOfDay.swift */ = {isa = PBXFileReference; lastKnownFileType = sourcecode.swift; path = TimeOfDay.swift; sourceTree = "<group>"; };
		64B6E0F52BEB086700D7239B /* DataStore.swift */ = {isa = PBXFileReference; lastKnownFileType = sourcecode.swift; path = DataStore.swift; sourceTree = "<group>"; };
		64B6E0F72BEB5EF100D7239B /* Cloud.swift */ = {isa = PBXFileReference; lastKnownFileType = sourcecode.swift; path = Cloud.swift; sourceTree = "<group>"; };
/* End PBXFileReference section */

/* Begin PBXFrameworksBuildPhase section */
		64A02F482BEA975E0087E53D /* Frameworks */ = {
			isa = PBXFrameworksBuildPhase;
			buildActionMask = 2147483647;
			files = (
			);
			runOnlyForDeploymentPostprocessing = 0;
		};
/* End PBXFrameworksBuildPhase section */

/* Begin PBXGroup section */
		6412BCED2BEBC6BC006CA3AA /* Views */ = {
			isa = PBXGroup;
			children = (
				64A02F502BEA975E0087E53D /* ContentView.swift */,
				64A02F662BEAFDD80087E53D /* StarsView.swift */,
				64A02F642BEAF5360087E53D /* Star.swift */,
				64A02F622BEAEC5F0087E53D /* Sun.swift */,
				64A02F602BEAC3B70087E53D /* Moon.swift */,
				64B6E0F72BEB5EF100D7239B /* Cloud.swift */,
				64A02F5C2BEA98410087E53D /* Mountains.swift */,
				64A02F5E2BEAB25D0087E53D /* Lake.swift */,
				6412BCEE2BEBC76C006CA3AA /* ButtonView.swift */,
			);
			path = Views;
			sourceTree = "<group>";
		};
		64A02F422BEA975E0087E53D = {
			isa = PBXGroup;
			children = (
				64A02F4D2BEA975E0087E53D /* DayAndNight */,
				64A02F4C2BEA975E0087E53D /* Products */,
			);
			sourceTree = "<group>";
		};
		64A02F4C2BEA975E0087E53D /* Products */ = {
			isa = PBXGroup;
			children = (
				64A02F4B2BEA975E0087E53D /* DayAndNight.app */,
			);
			name = Products;
			sourceTree = "<group>";
		};
		64A02F4D2BEA975E0087E53D /* DayAndNight */ = {
			isa = PBXGroup;
			children = (
				64A02F4E2BEA975E0087E53D /* DayAndNightApp.swift */,
				6412BCED2BEBC6BC006CA3AA /* Views */,
				64B6E0F12BEB05F100D7239B /* Models */,
				64B6E0F42BEB085800D7239B /* Services */,
				64A02F522BEA975F0087E53D /* Assets.xcassets */,
				64A02F542BEA975F0087E53D /* Preview Content */,
			);
			path = DayAndNight;
			sourceTree = "<group>";
		};
		64A02F542BEA975F0087E53D /* Preview Content */ = {
			isa = PBXGroup;
			children = (
				64A02F552BEA975F0087E53D /* Preview Assets.xcassets */,
			);
			path = "Preview Content";
			sourceTree = "<group>";
		};
		64B6E0F12BEB05F100D7239B /* Models */ = {
			isa = PBXGroup;
			children = (
				64B6E0F22BEB062600D7239B /* TimeOfDay.swift */,
			);
			path = Models;
			sourceTree = "<group>";
		};
		64B6E0F42BEB085800D7239B /* Services */ = {
			isa = PBXGroup;
			children = (
				64B6E0F52BEB086700D7239B /* DataStore.swift */,
			);
			path = Services;
			sourceTree = "<group>";
		};
/* End PBXGroup section */

/* Begin PBXNativeTarget section */
		64A02F4A2BEA975E0087E53D /* DayAndNight */ = {
			isa = PBXNativeTarget;
			buildConfigurationList = 64A02F592BEA975F0087E53D /* Build configuration list for PBXNativeTarget "DayAndNight" */;
			buildPhases = (
				64A02F472BEA975E0087E53D /* Sources */,
				64A02F482BEA975E0087E53D /* Frameworks */,
				64A02F492BEA975E0087E53D /* Resources */,
			);
			buildRules = (
			);
			dependencies = (
			);
			name = DayAndNight;
			productName = DayAndNight;
			productReference = 64A02F4B2BEA975E0087E53D /* DayAndNight.app */;
			productType = "com.apple.product-type.application";
		};
/* End PBXNativeTarget section */

/* Begin PBXProject section */
		64A02F432BEA975E0087E53D /* Project object */ = {
			isa = PBXProject;
			attributes = {
				BuildIndependentTargetsInParallel = 1;
				LastSwiftUpdateCheck = 1530;
				LastUpgradeCheck = 1530;
				TargetAttributes = {
					64A02F4A2BEA975E0087E53D = {
						CreatedOnToolsVersion = 15.3;
					};
				};
			};
			buildConfigurationList = 64A02F462BEA975E0087E53D /* Build configuration list for PBXProject "DayAndNight" */;
			compatibilityVersion = "Xcode 14.0";
			developmentRegion = en;
			hasScannedForEncodings = 0;
			knownRegions = (
				en,
				Base,
			);
			mainGroup = 64A02F422BEA975E0087E53D;
			productRefGroup = 64A02F4C2BEA975E0087E53D /* Products */;
			projectDirPath = "";
			projectRoot = "";
			targets = (
				64A02F4A2BEA975E0087E53D /* DayAndNight */,
			);
		};
/* End PBXProject section */

/* Begin PBXResourcesBuildPhase section */
		64A02F492BEA975E0087E53D /* Resources */ = {
			isa = PBXResourcesBuildPhase;
			buildActionMask = 2147483647;
			files = (
				64A02F562BEA975F0087E53D /* Preview Assets.xcassets in Resources */,
				64A02F532BEA975F0087E53D /* Assets.xcassets in Resources */,
			);
			runOnlyForDeploymentPostprocessing = 0;
		};
/* End PBXResourcesBuildPhase section */

/* Begin PBXSourcesBuildPhase section */
		64A02F472BEA975E0087E53D /* Sources */ = {
			isa = PBXSourcesBuildPhase;
			buildActionMask = 2147483647;
			files = (
				64B6E0F32BEB062600D7239B /* TimeOfDay.swift in Sources */,
				64A02F612BEAC3B70087E53D /* Moon.swift in Sources */,
				6412BCEF2BEBC76C006CA3AA /* ButtonView.swift in Sources */,
				64B6E0F82BEB5EF100D7239B /* Cloud.swift in Sources */,
				64A02F5D2BEA98410087E53D /* Mountains.swift in Sources */,
				64B6E0F62BEB086700D7239B /* DataStore.swift in Sources */,
				64A02F672BEAFDD80087E53D /* StarsView.swift in Sources */,
				64A02F632BEAEC5F0087E53D /* Sun.swift in Sources */,
				64A02F652BEAF5360087E53D /* Star.swift in Sources */,
				64A02F512BEA975E0087E53D /* ContentView.swift in Sources */,
				64A02F5F2BEAB25D0087E53D /* Lake.swift in Sources */,
				64A02F4F2BEA975E0087E53D /* DayAndNightApp.swift in Sources */,
			);
			runOnlyForDeploymentPostprocessing = 0;
		};
/* End PBXSourcesBuildPhase section */

/* Begin XCBuildConfiguration section */
		64A02F572BEA975F0087E53D /* Debug */ = {
			isa = XCBuildConfiguration;
			buildSettings = {
				ALWAYS_SEARCH_USER_PATHS = NO;
				ASSETCATALOG_COMPILER_GENERATE_SWIFT_ASSET_SYMBOL_EXTENSIONS = YES;
				CLANG_ANALYZER_NONNULL = YES;
				CLANG_ANALYZER_NUMBER_OBJECT_CONVERSION = YES_AGGRESSIVE;
				CLANG_CXX_LANGUAGE_STANDARD = "gnu++20";
				CLANG_ENABLE_MODULES = YES;
				CLANG_ENABLE_OBJC_ARC = YES;
				CLANG_ENABLE_OBJC_WEAK = YES;
				CLANG_WARN_BLOCK_CAPTURE_AUTORELEASING = YES;
				CLANG_WARN_BOOL_CONVERSION = YES;
				CLANG_WARN_COMMA = YES;
				CLANG_WARN_CONSTANT_CONVERSION = YES;
				CLANG_WARN_DEPRECATED_OBJC_IMPLEMENTATIONS = YES;
				CLANG_WARN_DIRECT_OBJC_ISA_USAGE = YES_ERROR;
				CLANG_WARN_DOCUMENTATION_COMMENTS = YES;
				CLANG_WARN_EMPTY_BODY = YES;
				CLANG_WARN_ENUM_CONVERSION = YES;
				CLANG_WARN_INFINITE_RECURSION = YES;
				CLANG_WARN_INT_CONVERSION = YES;
				CLANG_WARN_NON_LITERAL_NULL_CONVERSION = YES;
				CLANG_WARN_OBJC_IMPLICIT_RETAIN_SELF = YES;
				CLANG_WARN_OBJC_LITERAL_CONVERSION = YES;
				CLANG_WARN_OBJC_ROOT_CLASS = YES_ERROR;
				CLANG_WARN_QUOTED_INCLUDE_IN_FRAMEWORK_HEADER = YES;
				CLANG_WARN_RANGE_LOOP_ANALYSIS = YES;
				CLANG_WARN_STRICT_PROTOTYPES = YES;
				CLANG_WARN_SUSPICIOUS_MOVE = YES;
				CLANG_WARN_UNGUARDED_AVAILABILITY = YES_AGGRESSIVE;
				CLANG_WARN_UNREACHABLE_CODE = YES;
				CLANG_WARN__DUPLICATE_METHOD_MATCH = YES;
				COPY_PHASE_STRIP = NO;
				DEBUG_INFORMATION_FORMAT = dwarf;
				ENABLE_STRICT_OBJC_MSGSEND = YES;
				ENABLE_TESTABILITY = YES;
				ENABLE_USER_SCRIPT_SANDBOXING = YES;
				GCC_C_LANGUAGE_STANDARD = gnu17;
				GCC_DYNAMIC_NO_PIC = NO;
				GCC_NO_COMMON_BLOCKS = YES;
				GCC_OPTIMIZATION_LEVEL = 0;
				GCC_PREPROCESSOR_DEFINITIONS = (
					"DEBUG=1",
					"$(inherited)",
				);
				GCC_WARN_64_TO_32_BIT_CONVERSION = YES;
				GCC_WARN_ABOUT_RETURN_TYPE = YES_ERROR;
				GCC_WARN_UNDECLARED_SELECTOR = YES;
				GCC_WARN_UNINITIALIZED_AUTOS = YES_AGGRESSIVE;
				GCC_WARN_UNUSED_FUNCTION = YES;
				GCC_WARN_UNUSED_VARIABLE = YES;
				IPHONEOS_DEPLOYMENT_TARGET = 17.4;
				LOCALIZATION_PREFERS_STRING_CATALOGS = YES;
				MTL_ENABLE_DEBUG_INFO = INCLUDE_SOURCE;
				MTL_FAST_MATH = YES;
				ONLY_ACTIVE_ARCH = YES;
				SDKROOT = iphoneos;
				SWIFT_ACTIVE_COMPILATION_CONDITIONS = "DEBUG $(inherited)";
				SWIFT_OPTIMIZATION_LEVEL = "-Onone";
			};
			name = Debug;
		};
		64A02F582BEA975F0087E53D /* Release */ = {
			isa = XCBuildConfiguration;
			buildSettings = {
				ALWAYS_SEARCH_USER_PATHS = NO;
				ASSETCATALOG_COMPILER_GENERATE_SWIFT_ASSET_SYMBOL_EXTENSIONS = YES;
				CLANG_ANALYZER_NONNULL = YES;
				CLANG_ANALYZER_NUMBER_OBJECT_CONVERSION = YES_AGGRESSIVE;
				CLANG_CXX_LANGUAGE_STANDARD = "gnu++20";
				CLANG_ENABLE_MODULES = YES;
				CLANG_ENABLE_OBJC_ARC = YES;
				CLANG_ENABLE_OBJC_WEAK = YES;
				CLANG_WARN_BLOCK_CAPTURE_AUTORELEASING = YES;
				CLANG_WARN_BOOL_CONVERSION = YES;
				CLANG_WARN_COMMA = YES;
				CLANG_WARN_CONSTANT_CONVERSION = YES;
				CLANG_WARN_DEPRECATED_OBJC_IMPLEMENTATIONS = YES;
				CLANG_WARN_DIRECT_OBJC_ISA_USAGE = YES_ERROR;
				CLANG_WARN_DOCUMENTATION_COMMENTS = YES;
				CLANG_WARN_EMPTY_BODY = YES;
				CLANG_WARN_ENUM_CONVERSION = YES;
				CLANG_WARN_INFINITE_RECURSION = YES;
				CLANG_WARN_INT_CONVERSION = YES;
				CLANG_WARN_NON_LITERAL_NULL_CONVERSION = YES;
				CLANG_WARN_OBJC_IMPLICIT_RETAIN_SELF = YES;
				CLANG_WARN_OBJC_LITERAL_CONVERSION = YES;
				CLANG_WARN_OBJC_ROOT_CLASS = YES_ERROR;
				CLANG_WARN_QUOTED_INCLUDE_IN_FRAMEWORK_HEADER = YES;
				CLANG_WARN_RANGE_LOOP_ANALYSIS = YES;
				CLANG_WARN_STRICT_PROTOTYPES = YES;
				CLANG_WARN_SUSPICIOUS_MOVE = YES;
				CLANG_WARN_UNGUARDED_AVAILABILITY = YES_AGGRESSIVE;
				CLANG_WARN_UNREACHABLE_CODE = YES;
				CLANG_WARN__DUPLICATE_METHOD_MATCH = YES;
				COPY_PHASE_STRIP = NO;
				DEBUG_INFORMATION_FORMAT = "dwarf-with-dsym";
				ENABLE_NS_ASSERTIONS = NO;
				ENABLE_STRICT_OBJC_MSGSEND = YES;
				ENABLE_USER_SCRIPT_SANDBOXING = YES;
				GCC_C_LANGUAGE_STANDARD = gnu17;
				GCC_NO_COMMON_BLOCKS = YES;
				GCC_WARN_64_TO_32_BIT_CONVERSION = YES;
				GCC_WARN_ABOUT_RETURN_TYPE = YES_ERROR;
				GCC_WARN_UNDECLARED_SELECTOR = YES;
				GCC_WARN_UNINITIALIZED_AUTOS = YES_AGGRESSIVE;
				GCC_WARN_UNUSED_FUNCTION = YES;
				GCC_WARN_UNUSED_VARIABLE = YES;
				IPHONEOS_DEPLOYMENT_TARGET = 17.4;
				LOCALIZATION_PREFERS_STRING_CATALOGS = YES;
				MTL_ENABLE_DEBUG_INFO = NO;
				MTL_FAST_MATH = YES;
				SDKROOT = iphoneos;
				SWIFT_COMPILATION_MODE = wholemodule;
				VALIDATE_PRODUCT = YES;
			};
			name = Release;
		};
		64A02F5A2BEA975F0087E53D /* Debug */ = {
			isa = XCBuildConfiguration;
			buildSettings = {
				ASSETCATALOG_COMPILER_APPICON_NAME = AppIcon;
				ASSETCATALOG_COMPILER_GLOBAL_ACCENT_COLOR_NAME = AccentColor;
				CODE_SIGN_STYLE = Automatic;
				CURRENT_PROJECT_VERSION = 1;
				DEVELOPMENT_ASSET_PATHS = "\"DayAndNight/Preview Content\"";
				ENABLE_PREVIEWS = YES;
				GENERATE_INFOPLIST_FILE = YES;
				INFOPLIST_KEY_UIApplicationSceneManifest_Generation = YES;
				INFOPLIST_KEY_UIApplicationSupportsIndirectInputEvents = YES;
				INFOPLIST_KEY_UILaunchScreen_Generation = YES;
				INFOPLIST_KEY_UISupportedInterfaceOrientations_iPad = "UIInterfaceOrientationPortrait UIInterfaceOrientationPortraitUpsideDown UIInterfaceOrientationLandscapeLeft UIInterfaceOrientationLandscapeRight";
				INFOPLIST_KEY_UISupportedInterfaceOrientations_iPhone = "UIInterfaceOrientationPortrait UIInterfaceOrientationLandscapeLeft UIInterfaceOrientationLandscapeRight";
				LD_RUNPATH_SEARCH_PATHS = (
					"$(inherited)",
					"@executable_path/Frameworks",
				);
				MARKETING_VERSION = 1.0;
				PRODUCT_BUNDLE_IDENTIFIER = swift.DayAndNight;
				PRODUCT_NAME = "$(TARGET_NAME)";
				SWIFT_EMIT_LOC_STRINGS = YES;
				SWIFT_VERSION = 5.0;
				TARGETED_DEVICE_FAMILY = "1,2";
			};
			name = Debug;
		};
		64A02F5B2BEA975F0087E53D /* Release */ = {
			isa = XCBuildConfiguration;
			buildSettings = {
				ASSETCATALOG_COMPILER_APPICON_NAME = AppIcon;
				ASSETCATALOG_COMPILER_GLOBAL_ACCENT_COLOR_NAME = AccentColor;
				CODE_SIGN_STYLE = Automatic;
				CURRENT_PROJECT_VERSION = 1;
				DEVELOPMENT_ASSET_PATHS = "\"DayAndNight/Preview Content\"";
				ENABLE_PREVIEWS = YES;
				GENERATE_INFOPLIST_FILE = YES;
				INFOPLIST_KEY_UIApplicationSceneManifest_Generation = YES;
				INFOPLIST_KEY_UIApplicationSupportsIndirectInputEvents = YES;
				INFOPLIST_KEY_UILaunchScreen_Generation = YES;
				INFOPLIST_KEY_UISupportedInterfaceOrientations_iPad = "UIInterfaceOrientationPortrait UIInterfaceOrientationPortraitUpsideDown UIInterfaceOrientationLandscapeLeft UIInterfaceOrientationLandscapeRight";
				INFOPLIST_KEY_UISupportedInterfaceOrientations_iPhone = "UIInterfaceOrientationPortrait UIInterfaceOrientationLandscapeLeft UIInterfaceOrientationLandscapeRight";
				LD_RUNPATH_SEARCH_PATHS = (
					"$(inherited)",
					"@executable_path/Frameworks",
				);
				MARKETING_VERSION = 1.0;
				PRODUCT_BUNDLE_IDENTIFIER = swift.DayAndNight;
				PRODUCT_NAME = "$(TARGET_NAME)";
				SWIFT_EMIT_LOC_STRINGS = YES;
				SWIFT_VERSION = 5.0;
				TARGETED_DEVICE_FAMILY = "1,2";
			};
			name = Release;
		};
/* End XCBuildConfiguration section */

/* Begin XCConfigurationList section */
		64A02F462BEA975E0087E53D /* Build configuration list for PBXProject "DayAndNight" */ = {
			isa = XCConfigurationList;
			buildConfigurations = (
				64A02F572BEA975F0087E53D /* Debug */,
				64A02F582BEA975F0087E53D /* Release */,
			);
			defaultConfigurationIsVisible = 0;
			defaultConfigurationName = Release;
		};
		64A02F592BEA975F0087E53D /* Build configuration list for PBXNativeTarget "DayAndNight" */ = {
			isa = XCConfigurationList;
			buildConfigurations = (
				64A02F5A2BEA975F0087E53D /* Debug */,
				64A02F5B2BEA975F0087E53D /* Release */,
			);
			defaultConfigurationIsVisible = 0;
			defaultConfigurationName = Release;
		};
/* End XCConfigurationList section */
	};
	rootObject = 64A02F432BEA975E0087E53D /* Project object */;
}
